// !$*UTF8*$!
{
	archiveVersion = 1;
	classes = {
	};
	objectVersion = 50;
	objects = {

/* Begin PBXBuildFile section */
		4A70FCB727527EDE00424CD7 /* MoviesListViewController.swift in Sources */ = {isa = PBXBuildFile; fileRef = 4A70FCB627527EDE00424CD7 /* MoviesListViewController.swift */; };
		4A70FCC2275281EF00424CD7 /* MovieTableViewCell.swift in Sources */ = {isa = PBXBuildFile; fileRef = 4A70FCC0275281EF00424CD7 /* MovieTableViewCell.swift */; };
		4A70FCC3275281EF00424CD7 /* MovieTableViewCell.xib in Resources */ = {isa = PBXBuildFile; fileRef = 4A70FCC1275281EF00424CD7 /* MovieTableViewCell.xib */; };
		4A70FCC82752857B00424CD7 /* UITableViewCell+Extensions.swift in Sources */ = {isa = PBXBuildFile; fileRef = 4A70FCC72752857B00424CD7 /* UITableViewCell+Extensions.swift */; };
		4A70FCCA275287F100424CD7 /* Movie.swift in Sources */ = {isa = PBXBuildFile; fileRef = 4A70FCC9275287F100424CD7 /* Movie.swift */; };
		4A70FCCC2752917600424CD7 /* NetworkManager.swift in Sources */ = {isa = PBXBuildFile; fileRef = 4A70FCCB2752917600424CD7 /* NetworkManager.swift */; };
		4AD6962E27527C2A00D09EB1 /* AppDelegate.swift in Sources */ = {isa = PBXBuildFile; fileRef = 4AD6962D27527C2A00D09EB1 /* AppDelegate.swift */; };
		4AD6963027527C2A00D09EB1 /* SceneDelegate.swift in Sources */ = {isa = PBXBuildFile; fileRef = 4AD6962F27527C2A00D09EB1 /* SceneDelegate.swift */; };
		4AD6963527527C2A00D09EB1 /* Main.storyboard in Resources */ = {isa = PBXBuildFile; fileRef = 4AD6963327527C2A00D09EB1 /* Main.storyboard */; };
		4AD6963727527C2B00D09EB1 /* Assets.xcassets in Resources */ = {isa = PBXBuildFile; fileRef = 4AD6963627527C2B00D09EB1 /* Assets.xcassets */; };
		4AD6963A27527C2B00D09EB1 /* LaunchScreen.storyboard in Resources */ = {isa = PBXBuildFile; fileRef = 4AD6963827527C2B00D09EB1 /* LaunchScreen.storyboard */; };
/* End PBXBuildFile section */

/* Begin PBXFileReference section */
		4A70FCB627527EDE00424CD7 /* MoviesListViewController.swift */ = {isa = PBXFileReference; lastKnownFileType = sourcecode.swift; path = MoviesListViewController.swift; sourceTree = "<group>"; };
		4A70FCC0275281EF00424CD7 /* MovieTableViewCell.swift */ = {isa = PBXFileReference; lastKnownFileType = sourcecode.swift; path = MovieTableViewCell.swift; sourceTree = "<group>"; };
		4A70FCC1275281EF00424CD7 /* MovieTableViewCell.xib */ = {isa = PBXFileReference; lastKnownFileType = file.xib; path = MovieTableViewCell.xib; sourceTree = "<group>"; };
		4A70FCC72752857B00424CD7 /* UITableViewCell+Extensions.swift */ = {isa = PBXFileReference; fileEncoding = 4; lastKnownFileType = sourcecode.swift; path = "UITableViewCell+Extensions.swift"; sourceTree = "<group>"; };
		4A70FCC9275287F100424CD7 /* Movie.swift */ = {isa = PBXFileReference; lastKnownFileType = sourcecode.swift; path = Movie.swift; sourceTree = "<group>"; };
		4A70FCCB2752917600424CD7 /* NetworkManager.swift */ = {isa = PBXFileReference; lastKnownFileType = sourcecode.swift; path = NetworkManager.swift; sourceTree = "<group>"; };
		4AD6962A27527C2A00D09EB1 /* Movies.app */ = {isa = PBXFileReference; explicitFileType = wrapper.application; includeInIndex = 0; path = Movies.app; sourceTree = BUILT_PRODUCTS_DIR; };
		4AD6962D27527C2A00D09EB1 /* AppDelegate.swift */ = {isa = PBXFileReference; lastKnownFileType = sourcecode.swift; path = AppDelegate.swift; sourceTree = "<group>"; };
		4AD6962F27527C2A00D09EB1 /* SceneDelegate.swift */ = {isa = PBXFileReference; lastKnownFileType = sourcecode.swift; path = SceneDelegate.swift; sourceTree = "<group>"; };
		4AD6963427527C2A00D09EB1 /* Base */ = {isa = PBXFileReference; lastKnownFileType = file.storyboard; name = Base; path = Base.lproj/Main.storyboard; sourceTree = "<group>"; };
		4AD6963627527C2B00D09EB1 /* Assets.xcassets */ = {isa = PBXFileReference; lastKnownFileType = folder.assetcatalog; path = Assets.xcassets; sourceTree = "<group>"; };
		4AD6963927527C2B00D09EB1 /* Base */ = {isa = PBXFileReference; lastKnownFileType = file.storyboard; name = Base; path = Base.lproj/LaunchScreen.storyboard; sourceTree = "<group>"; };
		4AD6963B27527C2B00D09EB1 /* Info.plist */ = {isa = PBXFileReference; lastKnownFileType = text.plist.xml; path = Info.plist; sourceTree = "<group>"; };
/* End PBXFileReference section */

/* Begin PBXFrameworksBuildPhase section */
		4AD6962727527C2A00D09EB1 /* Frameworks */ = {
			isa = PBXFrameworksBuildPhase;
			buildActionMask = 2147483647;
			files = (
			);
			runOnlyForDeploymentPostprocessing = 0;
		};
/* End PBXFrameworksBuildPhase section */

/* Begin PBXGroup section */
		4A70FCB327527DE000424CD7 /* Models */ = {
			isa = PBXGroup;
			children = (
				4A70FCC9275287F100424CD7 /* Movie.swift */,
				4A70FCCB2752917600424CD7 /* NetworkManager.swift */,
			);
			path = Models;
			sourceTree = "<group>";
		};
		4A70FCB427527DED00424CD7 /* Views */ = {
			isa = PBXGroup;
			children = (
				4A70FCB82752805A00424CD7 /* Cells */,
				4AD6963327527C2A00D09EB1 /* Main.storyboard */,
				4AD6963827527C2B00D09EB1 /* LaunchScreen.storyboard */,
			);
			path = Views;
			sourceTree = "<group>";
		};
		4A70FCB527527DF300424CD7 /* Controllers */ = {
			isa = PBXGroup;
			children = (
				4A70FCBD2752809300424CD7 /* Cells */,
				4A70FCB627527EDE00424CD7 /* MoviesListViewController.swift */,
			);
			path = Controllers;
			sourceTree = "<group>";
		};
		4A70FCB82752805A00424CD7 /* Cells */ = {
			isa = PBXGroup;
			children = (
				4A70FCC1275281EF00424CD7 /* MovieTableViewCell.xib */,
			);
			path = Cells;
			sourceTree = "<group>";
		};
		4A70FCBD2752809300424CD7 /* Cells */ = {
			isa = PBXGroup;
			children = (
				4A70FCC0275281EF00424CD7 /* MovieTableViewCell.swift */,
			);
			path = Cells;
			sourceTree = "<group>";
		};
		4A70FCC4275284E600424CD7 /* Extensions */ = {
			isa = PBXGroup;
			children = (
				4A70FCC72752857B00424CD7 /* UITableViewCell+Extensions.swift */,
			);
			path = Extensions;
			sourceTree = "<group>";
		};
		4AD6962127527C2A00D09EB1 = {
			isa = PBXGroup;
			children = (
				4AD6962C27527C2A00D09EB1 /* Movies */,
				4AD6962B27527C2A00D09EB1 /* Products */,
			);
			sourceTree = "<group>";
		};
		4AD6962B27527C2A00D09EB1 /* Products */ = {
			isa = PBXGroup;
			children = (
				4AD6962A27527C2A00D09EB1 /* Movies.app */,
			);
			name = Products;
			sourceTree = "<group>";
		};
		4AD6962C27527C2A00D09EB1 /* Movies */ = {
			isa = PBXGroup;
			children = (
				4A70FCB527527DF300424CD7 /* Controllers */,
				4A70FCB427527DED00424CD7 /* Views */,
				4A70FCB327527DE000424CD7 /* Models */,
				4A70FCC4275284E600424CD7 /* Extensions */,
				4AD6962D27527C2A00D09EB1 /* AppDelegate.swift */,
				4AD6962F27527C2A00D09EB1 /* SceneDelegate.swift */,
				4AD6963627527C2B00D09EB1 /* Assets.xcassets */,
				4AD6963B27527C2B00D09EB1 /* Info.plist */,
			);
			path = Movies;
			sourceTree = "<group>";
		};
/* End PBXGroup section */

/* Begin PBXNativeTarget section */
		4AD6962927527C2A00D09EB1 /* Movies */ = {
			isa = PBXNativeTarget;
			buildConfigurationList = 4AD6963E27527C2B00D09EB1 /* Build configuration list for PBXNativeTarget "Movies" */;
			buildPhases = (
				4AD6962627527C2A00D09EB1 /* Sources */,
				4AD6962727527C2A00D09EB1 /* Frameworks */,
				4AD6962827527C2A00D09EB1 /* Resources */,
			);
			buildRules = (
			);
			dependencies = (
			);
			name = Movies;
			productName = Movies;
			productReference = 4AD6962A27527C2A00D09EB1 /* Movies.app */;
			productType = "com.apple.product-type.application";
		};
/* End PBXNativeTarget section */

/* Begin PBXProject section */
		4AD6962227527C2A00D09EB1 /* Project object */ = {
			isa = PBXProject;
			attributes = {
				LastSwiftUpdateCheck = 1250;
				LastUpgradeCheck = 1250;
				TargetAttributes = {
					4AD6962927527C2A00D09EB1 = {
						CreatedOnToolsVersion = 12.5.1;
					};
				};
			};
			buildConfigurationList = 4AD6962527527C2A00D09EB1 /* Build configuration list for PBXProject "Movies" */;
			compatibilityVersion = "Xcode 9.3";
			developmentRegion = en;
			hasScannedForEncodings = 0;
			knownRegions = (
				en,
				Base,
			);
			mainGroup = 4AD6962127527C2A00D09EB1;
			productRefGroup = 4AD6962B27527C2A00D09EB1 /* Products */;
			projectDirPath = "";
			projectRoot = "";
			targets = (
				4AD6962927527C2A00D09EB1 /* Movies */,
			);
		};
/* End PBXProject section */

/* Begin PBXResourcesBuildPhase section */
		4AD6962827527C2A00D09EB1 /* Resources */ = {
			isa = PBXResourcesBuildPhase;
			buildActionMask = 2147483647;
			files = (
				4AD6963A27527C2B00D09EB1 /* LaunchScreen.storyboard in Resources */,
				4AD6963727527C2B00D09EB1 /* Assets.xcassets in Resources */,
				4A70FCC3275281EF00424CD7 /* MovieTableViewCell.xib in Resources */,
				4AD6963527527C2A00D09EB1 /* Main.storyboard in Resources */,
			);
			runOnlyForDeploymentPostprocessing = 0;
		};
/* End PBXResourcesBuildPhase section */

/* Begin PBXSourcesBuildPhase section */
		4AD6962627527C2A00D09EB1 /* Sources */ = {
			isa = PBXSourcesBuildPhase;
			buildActionMask = 2147483647;
			files = (
				4AD6962E27527C2A00D09EB1 /* AppDelegate.swift in Sources */,
				4AD6963027527C2A00D09EB1 /* SceneDelegate.swift in Sources */,
				4A70FCCA275287F100424CD7 /* Movie.swift in Sources */,
				4A70FCC2275281EF00424CD7 /* MovieTableViewCell.swift in Sources */,
				4A70FCC82752857B00424CD7 /* UITableViewCell+Extensions.swift in Sources */,
				4A70FCB727527EDE00424CD7 /* MoviesListViewController.swift in Sources */,
				4A70FCCC2752917600424CD7 /* NetworkManager.swift in Sources */,
			);
			runOnlyForDeploymentPostprocessing = 0;
		};
/* End PBXSourcesBuildPhase section */

/* Begin PBXVariantGroup section */
		4AD6963327527C2A00D09EB1 /* Main.storyboard */ = {
			isa = PBXVariantGroup;
			children = (
				4AD6963427527C2A00D09EB1 /* Base */,
			);
			name = Main.storyboard;
			sourceTree = "<group>";
		};
		4AD6963827527C2B00D09EB1 /* LaunchScreen.storyboard */ = {
			isa = PBXVariantGroup;
			children = (
				4AD6963927527C2B00D09EB1 /* Base */,
			);
			name = LaunchScreen.storyboard;
			sourceTree = "<group>";
		};
/* End PBXVariantGroup section */

/* Begin XCBuildConfiguration section */
		4AD6963C27527C2B00D09EB1 /* Debug */ = {
			isa = XCBuildConfiguration;
			buildSettings = {
				ALWAYS_SEARCH_USER_PATHS = NO;
				CLANG_ANALYZER_NONNULL = YES;
				CLANG_ANALYZER_NUMBER_OBJECT_CONVERSION = YES_AGGRESSIVE;
				CLANG_CXX_LANGUAGE_STANDARD = "gnu++14";
				CLANG_CXX_LIBRARY = "libc++";
				CLANG_ENABLE_MODULES = YES;
				CLANG_ENABLE_OBJC_ARC = YES;
				CLANG_ENABLE_OBJC_WEAK = YES;
				CLANG_WARN_BLOCK_CAPTURE_AUTORELEASING = YES;
				CLANG_WARN_BOOL_CONVERSION = YES;
				CLANG_WARN_COMMA = YES;
				CLANG_WARN_CONSTANT_CONVERSION = YES;
				CLANG_WARN_DEPRECATED_OBJC_IMPLEMENTATIONS = YES;
				CLANG_WARN_DIRECT_OBJC_ISA_USAGE = YES_ERROR;
				CLANG_WARN_DOCUMENTATION_COMMENTS = YES;
				CLANG_WARN_EMPTY_BODY = YES;
				CLANG_WARN_ENUM_CONVERSION = YES;
				CLANG_WARN_INFINITE_RECURSION = YES;
				CLANG_WARN_INT_CONVERSION = YES;
				CLANG_WARN_NON_LITERAL_NULL_CONVERSION = YES;
				CLANG_WARN_OBJC_IMPLICIT_RETAIN_SELF = YES;
				CLANG_WARN_OBJC_LITERAL_CONVERSION = YES;
				CLANG_WARN_OBJC_ROOT_CLASS = YES_ERROR;
				CLANG_WARN_QUOTED_INCLUDE_IN_FRAMEWORK_HEADER = YES;
				CLANG_WARN_RANGE_LOOP_ANALYSIS = YES;
				CLANG_WARN_STRICT_PROTOTYPES = YES;
				CLANG_WARN_SUSPICIOUS_MOVE = YES;
				CLANG_WARN_UNGUARDED_AVAILABILITY = YES_AGGRESSIVE;
				CLANG_WARN_UNREACHABLE_CODE = YES;
				CLANG_WARN__DUPLICATE_METHOD_MATCH = YES;
				COPY_PHASE_STRIP = NO;
				DEBUG_INFORMATION_FORMAT = dwarf;
				ENABLE_STRICT_OBJC_MSGSEND = YES;
				ENABLE_TESTABILITY = YES;
				GCC_C_LANGUAGE_STANDARD = gnu11;
				GCC_DYNAMIC_NO_PIC = NO;
				GCC_NO_COMMON_BLOCKS = YES;
				GCC_OPTIMIZATION_LEVEL = 0;
				GCC_PREPROCESSOR_DEFINITIONS = (
					"DEBUG=1",
					"$(inherited)",
				);
				GCC_WARN_64_TO_32_BIT_CONVERSION = YES;
				GCC_WARN_ABOUT_RETURN_TYPE = YES_ERROR;
				GCC_WARN_UNDECLARED_SELECTOR = YES;
				GCC_WARN_UNINITIALIZED_AUTOS = YES_AGGRESSIVE;
				GCC_WARN_UNUSED_FUNCTION = YES;
				GCC_WARN_UNUSED_VARIABLE = YES;
				IPHONEOS_DEPLOYMENT_TARGET = 14.5;
				MTL_ENABLE_DEBUG_INFO = INCLUDE_SOURCE;
				MTL_FAST_MATH = YES;
				ONLY_ACTIVE_ARCH = YES;
				SDKROOT = iphoneos;
				SWIFT_ACTIVE_COMPILATION_CONDITIONS = DEBUG;
				SWIFT_OPTIMIZATION_LEVEL = "-Onone";
			};
			name = Debug;
		};
		4AD6963D27527C2B00D09EB1 /* Release */ = {
			isa = XCBuildConfiguration;
			buildSettings = {
				ALWAYS_SEARCH_USER_PATHS = NO;
				CLANG_ANALYZER_NONNULL = YES;
				CLANG_ANALYZER_NUMBER_OBJECT_CONVERSION = YES_AGGRESSIVE;
				CLANG_CXX_LANGUAGE_STANDARD = "gnu++14";
				CLANG_CXX_LIBRARY = "libc++";
				CLANG_ENABLE_MODULES = YES;
				CLANG_ENABLE_OBJC_ARC = YES;
				CLANG_ENABLE_OBJC_WEAK = YES;
				CLANG_WARN_BLOCK_CAPTURE_AUTORELEASING = YES;
				CLANG_WARN_BOOL_CONVERSION = YES;
				CLANG_WARN_COMMA = YES;
				CLANG_WARN_CONSTANT_CONVERSION = YES;
				CLANG_WARN_DEPRECATED_OBJC_IMPLEMENTATIONS = YES;
				CLANG_WARN_DIRECT_OBJC_ISA_USAGE = YES_ERROR;
				CLANG_WARN_DOCUMENTATION_COMMENTS = YES;
				CLANG_WARN_EMPTY_BODY = YES;
				CLANG_WARN_ENUM_CONVERSION = YES;
				CLANG_WARN_INFINITE_RECURSION = YES;
				CLANG_WARN_INT_CONVERSION = YES;
				CLANG_WARN_NON_LITERAL_NULL_CONVERSION = YES;
				CLANG_WARN_OBJC_IMPLICIT_RETAIN_SELF = YES;
				CLANG_WARN_OBJC_LITERAL_CONVERSION = YES;
				CLANG_WARN_OBJC_ROOT_CLASS = YES_ERROR;
				CLANG_WARN_QUOTED_INCLUDE_IN_FRAMEWORK_HEADER = YES;
				CLANG_WARN_RANGE_LOOP_ANALYSIS = YES;
				CLANG_WARN_STRICT_PROTOTYPES = YES;
				CLANG_WARN_SUSPICIOUS_MOVE = YES;
				CLANG_WARN_UNGUARDED_AVAILABILITY = YES_AGGRESSIVE;
				CLANG_WARN_UNREACHABLE_CODE = YES;
				CLANG_WARN__DUPLICATE_METHOD_MATCH = YES;
				COPY_PHASE_STRIP = NO;
				DEBUG_INFORMATION_FORMAT = "dwarf-with-dsym";
				ENABLE_NS_ASSERTIONS = NO;
				ENABLE_STRICT_OBJC_MSGSEND = YES;
				GCC_C_LANGUAGE_STANDARD = gnu11;
				GCC_NO_COMMON_BLOCKS = YES;
				GCC_WARN_64_TO_32_BIT_CONVERSION = YES;
				GCC_WARN_ABOUT_RETURN_TYPE = YES_ERROR;
				GCC_WARN_UNDECLARED_SELECTOR = YES;
				GCC_WARN_UNINITIALIZED_AUTOS = YES_AGGRESSIVE;
				GCC_WARN_UNUSED_FUNCTION = YES;
				GCC_WARN_UNUSED_VARIABLE = YES;
				IPHONEOS_DEPLOYMENT_TARGET = 14.5;
				MTL_ENABLE_DEBUG_INFO = NO;
				MTL_FAST_MATH = YES;
				SDKROOT = iphoneos;
				SWIFT_COMPILATION_MODE = wholemodule;
				SWIFT_OPTIMIZATION_LEVEL = "-O";
				VALIDATE_PRODUCT = YES;
			};
			name = Release;
		};
		4AD6963F27527C2B00D09EB1 /* Debug */ = {
			isa = XCBuildConfiguration;
			buildSettings = {
				ASSETCATALOG_COMPILER_APPICON_NAME = AppIcon;
				ASSETCATALOG_COMPILER_GLOBAL_ACCENT_COLOR_NAME = AccentColor;
				CODE_SIGN_STYLE = Automatic;
				DEVELOPMENT_TEAM = 624H2674L9;
				INFOPLIST_FILE = Movies/Info.plist;
				IPHONEOS_DEPLOYMENT_TARGET = 13.0;
				LD_RUNPATH_SEARCH_PATHS = (
					"$(inherited)",
					"@executable_path/Frameworks",
				);
				PRODUCT_BUNDLE_IDENTIFIER = ru.mikhailzinovev.Movies;
				PRODUCT_NAME = "$(TARGET_NAME)";
				SWIFT_VERSION = 5.0;
				TARGETED_DEVICE_FAMILY = 1;
			};
			name = Debug;
		};
		4AD6964027527C2B00D09EB1 /* Release */ = {
			isa = XCBuildConfiguration;
			buildSettings = {
				ASSETCATALOG_COMPILER_APPICON_NAME = AppIcon;
				ASSETCATALOG_COMPILER_GLOBAL_ACCENT_COLOR_NAME = AccentColor;
				CODE_SIGN_STYLE = Automatic;
				DEVELOPMENT_TEAM = H7K76ZRYMQ;
				INFOPLIST_FILE = Movies/Info.plist;
				IPHONEOS_DEPLOYMENT_TARGET = 13.0;
				LD_RUNPATH_SEARCH_PATHS = (
					"$(inherited)",
					"@executable_path/Frameworks",
				);
				PRODUCT_BUNDLE_IDENTIFIER = ru.mikhailzinovev.Movies;
				PRODUCT_NAME = "$(TARGET_NAME)";
				SWIFT_VERSION = 5.0;
				TARGETED_DEVICE_FAMILY = 1;
			};
			name = Release;
		};
/* End XCBuildConfiguration section */

/* Begin XCConfigurationList section */
		4AD6962527527C2A00D09EB1 /* Build configuration list for PBXProject "Movies" */ = {
			isa = XCConfigurationList;
			buildConfigurations = (
				4AD6963C27527C2B00D09EB1 /* Debug */,
				4AD6963D27527C2B00D09EB1 /* Release */,
			);
			defaultConfigurationIsVisible = 0;
			defaultConfigurationName = Release;
		};
		4AD6963E27527C2B00D09EB1 /* Build configuration list for PBXNativeTarget "Movies" */ = {
			isa = XCConfigurationList;
			buildConfigurations = (
				4AD6963F27527C2B00D09EB1 /* Debug */,
				4AD6964027527C2B00D09EB1 /* Release */,
			);
			defaultConfigurationIsVisible = 0;
			defaultConfigurationName = Release;
		};
/* End XCConfigurationList section */
	};
	rootObject = 4AD6962227527C2A00D09EB1 /* Project object */;
}
